
Microsoft Visual Studio Solution File, Format Version 12.00
# Visual Studio Version 17
VisualStudioVersion = 17.0.31710.8
MinimumVisualStudioVersion = 10.0.40219.1
Project("{2150E333-8FDC-42A3-9474-1A3956D46DE8}") = ".net6", ".net6", "{4CCFBED4-2317-43AD-AC78-1465AD4148B0}"
EndProject
Project("{2150E333-8FDC-42A3-9474-1A3956D46DE8}") = "Utilities", "Utilities", "{111F6A07-0088-40CD-95B1-99A6E77F7AAE}"
EndProject
Project("{9A19103F-16F7-4668-BE54-9A1E7A4F7556}") = "Cx-Utility-Extensions", "src\Utilities\Cx-Utility-Extensions\Cx-Utility-Extensions.csproj", "{A7118B66-7DA5-4371-A48D-F373C728608D}"
EndProject
Project("{9A19103F-16F7-4668-BE54-9A1E7A4F7556}") = "Cx-Utility-Console", "src\Utilities\Cx-Utility-Console\Cx-Utility-Console.csproj", "{FB9D686E-E107-4E3E-B068-FE31516D217C}"
EndProject
Project("{2150E333-8FDC-42A3-9474-1A3956D46DE8}") = "Build-Publish-Deploy", "Build-Publish-Deploy", "{7B401836-DA71-4605-82F8-5D074D52D909}"
EndProject
Project("{9A19103F-16F7-4668-BE54-9A1E7A4F7556}") = "Cx-TrapConsole", "src\App.Console\Cx-TrapConsole\Cx-TrapConsole.csproj", "{D0CE2DA4-64CC-4734-9308-BD82A4C473BB}"
EndProject
Project("{2150E333-8FDC-42A3-9474-1A3956D46DE8}") = "Data", "Data", "{04DF44A3-2661-4494-8261-A880E4F04F3A}"
EndProject
Project("{9A19103F-16F7-4668-BE54-9A1E7A4F7556}") = "Cx-Utility-EFCoreData", "src\Utilities\Cx-Utility-EFCoreData\Cx-Utility-EFCoreData.csproj", "{98C2C761-3FA2-4286-AAEB-41F0BC9709C6}"
EndProject
Project("{9A19103F-16F7-4668-BE54-9A1E7A4F7556}") = "Cx-Data-SQLServer", "src\Data\Cx-Data-SQLServer\Cx-Data-SQLServer.csproj", "{59EE3FDD-B1F1-462A-A065-C0CB33CD6745}"
EndProject
Project("{9A19103F-16F7-4668-BE54-9A1E7A4F7556}") = "Cx-Utility-EFCoreData-Sqlite", "src\Utilities\Cx-Utility-EFCoreData-Sqlite\Cx-Utility-EFCoreData-Sqlite.csproj", "{76F6870A-6762-4B95-9C1B-1F59C9F69B0D}"
EndProject
Project("{2150E333-8FDC-42A3-9474-1A3956D46DE8}") = "Azure", "Azure", "{8558687B-9357-441C-8551-1D48407FA47C}"
EndProject
Project("{9A19103F-16F7-4668-BE54-9A1E7A4F7556}") = "Cx-Azure-TableStorage", "src\Azure\Cx-Azure-TableStorage\Cx-Azure-TableStorage.csproj", "{934BDB1A-D270-4F07-A03F-BF0797FD6465}"
EndProject
Project("{9A19103F-16F7-4668-BE54-9A1E7A4F7556}") = "Cx-TrapTestConsole", "src\App.Console\Cx-TrapTestConsole\Cx-TrapTestConsole.csproj", "{FF335A17-2E55-4E92-83A1-50A35C0DB2E1}"
EndProject
Project("{FAE04EC0-301F-11D3-BF4B-00C04F79EFBC}") = "Cx-Azure-BlobStorage", "src\Azure\Cx-Azure-BlobStorage\Cx-Azure-BlobStorage.csproj", "{CB362A24-4D71-49FA-ACA0-4C9B8D03F280}"
EndProject
Global
	GlobalSection(SolutionConfigurationPlatforms) = preSolution
		Debug|Any CPU = Debug|Any CPU
		Release|Any CPU = Release|Any CPU
	EndGlobalSection
	GlobalSection(ProjectConfigurationPlatforms) = postSolution
		{A7118B66-7DA5-4371-A48D-F373C728608D}.Debug|Any CPU.ActiveCfg = Debug|Any CPU
		{A7118B66-7DA5-4371-A48D-F373C728608D}.Debug|Any CPU.Build.0 = Debug|Any CPU
		{A7118B66-7DA5-4371-A48D-F373C728608D}.Release|Any CPU.ActiveCfg = Release|Any CPU
		{A7118B66-7DA5-4371-A48D-F373C728608D}.Release|Any CPU.Build.0 = Release|Any CPU
		{FB9D686E-E107-4E3E-B068-FE31516D217C}.Debug|Any CPU.ActiveCfg = Debug|Any CPU
		{FB9D686E-E107-4E3E-B068-FE31516D217C}.Debug|Any CPU.Build.0 = Debug|Any CPU
		{FB9D686E-E107-4E3E-B068-FE31516D217C}.Release|Any CPU.ActiveCfg = Release|Any CPU
		{FB9D686E-E107-4E3E-B068-FE31516D217C}.Release|Any CPU.Build.0 = Release|Any CPU
		{D0CE2DA4-64CC-4734-9308-BD82A4C473BB}.Debug|Any CPU.ActiveCfg = Debug|Any CPU
		{D0CE2DA4-64CC-4734-9308-BD82A4C473BB}.Debug|Any CPU.Build.0 = Debug|Any CPU
		{D0CE2DA4-64CC-4734-9308-BD82A4C473BB}.Release|Any CPU.ActiveCfg = Release|Any CPU
		{D0CE2DA4-64CC-4734-9308-BD82A4C473BB}.Release|Any CPU.Build.0 = Release|Any CPU
		{98C2C761-3FA2-4286-AAEB-41F0BC9709C6}.Debug|Any CPU.ActiveCfg = Debug|Any CPU
		{98C2C761-3FA2-4286-AAEB-41F0BC9709C6}.Debug|Any CPU.Build.0 = Debug|Any CPU
		{98C2C761-3FA2-4286-AAEB-41F0BC9709C6}.Release|Any CPU.ActiveCfg = Release|Any CPU
		{98C2C761-3FA2-4286-AAEB-41F0BC9709C6}.Release|Any CPU.Build.0 = Release|Any CPU
		{59EE3FDD-B1F1-462A-A065-C0CB33CD6745}.Debug|Any CPU.ActiveCfg = Debug|Any CPU
		{59EE3FDD-B1F1-462A-A065-C0CB33CD6745}.Debug|Any CPU.Build.0 = Debug|Any CPU
		{59EE3FDD-B1F1-462A-A065-C0CB33CD6745}.Release|Any CPU.ActiveCfg = Release|Any CPU
		{59EE3FDD-B1F1-462A-A065-C0CB33CD6745}.Release|Any CPU.Build.0 = Release|Any CPU
		{76F6870A-6762-4B95-9C1B-1F59C9F69B0D}.Debug|Any CPU.ActiveCfg = Debug|Any CPU
		{76F6870A-6762-4B95-9C1B-1F59C9F69B0D}.Debug|Any CPU.Build.0 = Debug|Any CPU
		{76F6870A-6762-4B95-9C1B-1F59C9F69B0D}.Release|Any CPU.ActiveCfg = Release|Any CPU
		{76F6870A-6762-4B95-9C1B-1F59C9F69B0D}.Release|Any CPU.Build.0 = Release|Any CPU
		{934BDB1A-D270-4F07-A03F-BF0797FD6465}.Debug|Any CPU.ActiveCfg = Debug|Any CPU
		{934BDB1A-D270-4F07-A03F-BF0797FD6465}.Debug|Any CPU.Build.0 = Debug|Any CPU
		{934BDB1A-D270-4F07-A03F-BF0797FD6465}.Release|Any CPU.ActiveCfg = Release|Any CPU
		{934BDB1A-D270-4F07-A03F-BF0797FD6465}.Release|Any CPU.Build.0 = Release|Any CPU
		{FF335A17-2E55-4E92-83A1-50A35C0DB2E1}.Debug|Any CPU.ActiveCfg = Debug|Any CPU
		{FF335A17-2E55-4E92-83A1-50A35C0DB2E1}.Debug|Any CPU.Build.0 = Debug|Any CPU
		{FF335A17-2E55-4E92-83A1-50A35C0DB2E1}.Release|Any CPU.ActiveCfg = Release|Any CPU
		{FF335A17-2E55-4E92-83A1-50A35C0DB2E1}.Release|Any CPU.Build.0 = Release|Any CPU
		{CB362A24-4D71-49FA-ACA0-4C9B8D03F280}.Debug|Any CPU.ActiveCfg = Debug|Any CPU
		{CB362A24-4D71-49FA-ACA0-4C9B8D03F280}.Debug|Any CPU.Build.0 = Debug|Any CPU
		{CB362A24-4D71-49FA-ACA0-4C9B8D03F280}.Release|Any CPU.ActiveCfg = Release|Any CPU
		{CB362A24-4D71-49FA-ACA0-4C9B8D03F280}.Release|Any CPU.Build.0 = Release|Any CPU
	EndGlobalSection
	GlobalSection(SolutionProperties) = preSolution
		HideSolutionNode = FALSE
	EndGlobalSection
	GlobalSection(NestedProjects) = preSolution
		{111F6A07-0088-40CD-95B1-99A6E77F7AAE} = {4CCFBED4-2317-43AD-AC78-1465AD4148B0}
		{A7118B66-7DA5-4371-A48D-F373C728608D} = {111F6A07-0088-40CD-95B1-99A6E77F7AAE}
		{FB9D686E-E107-4E3E-B068-FE31516D217C} = {111F6A07-0088-40CD-95B1-99A6E77F7AAE}
		{7B401836-DA71-4605-82F8-5D074D52D909} = {4CCFBED4-2317-43AD-AC78-1465AD4148B0}
		{D0CE2DA4-64CC-4734-9308-BD82A4C473BB} = {7B401836-DA71-4605-82F8-5D074D52D909}
		{04DF44A3-2661-4494-8261-A880E4F04F3A} = {4CCFBED4-2317-43AD-AC78-1465AD4148B0}
		{98C2C761-3FA2-4286-AAEB-41F0BC9709C6} = {111F6A07-0088-40CD-95B1-99A6E77F7AAE}
		{59EE3FDD-B1F1-462A-A065-C0CB33CD6745} = {04DF44A3-2661-4494-8261-A880E4F04F3A}
		{76F6870A-6762-4B95-9C1B-1F59C9F69B0D} = {111F6A07-0088-40CD-95B1-99A6E77F7AAE}
		{8558687B-9357-441C-8551-1D48407FA47C} = {4CCFBED4-2317-43AD-AC78-1465AD4148B0}
		{934BDB1A-D270-4F07-A03F-BF0797FD6465} = {8558687B-9357-441C-8551-1D48407FA47C}
		{FF335A17-2E55-4E92-83A1-50A35C0DB2E1} = {7B401836-DA71-4605-82F8-5D074D52D909}
		{CB362A24-4D71-49FA-ACA0-4C9B8D03F280} = {8558687B-9357-441C-8551-1D48407FA47C}
	EndGlobalSection
	GlobalSection(ExtensibilityGlobals) = postSolution
		SolutionGuid = {3006AF55-8AD7-420A-A053-9381E831CD02}
	EndGlobalSection
EndGlobal
